// !$*UTF8*$!
{
	archiveVersion = 1;
	classes = {
	};
	objectVersion = 46;
	objects = {

/* Begin PBXBuildFile section */
		F521FDCA1C197ABE004DF88E /* FacebookPush.swift in Sources */ = {isa = PBXBuildFile; fileRef = F521FDC91C197ABE004DF88E /* FacebookPush.swift */; };
		F521FDCC1C197DD8004DF88E /* FBSDKShareKit.framework in Frameworks */ = {isa = PBXBuildFile; fileRef = F521FDCB1C197DD8004DF88E /* FBSDKShareKit.framework */; };
		F55880091BD792560051791D /* Account.swift in Sources */ = {isa = PBXBuildFile; fileRef = F55880081BD792560051791D /* Account.swift */; };
		F5C66EFA1BC6777D00720CB3 /* AppDelegate.swift in Sources */ = {isa = PBXBuildFile; fileRef = F5C66EF91BC6777D00720CB3 /* AppDelegate.swift */; };
		F5C66EFC1BC6777D00720CB3 /* ViewController.swift in Sources */ = {isa = PBXBuildFile; fileRef = F5C66EFB1BC6777D00720CB3 /* ViewController.swift */; };
		F5C66EFF1BC6777D00720CB3 /* Main.storyboard in Resources */ = {isa = PBXBuildFile; fileRef = F5C66EFD1BC6777D00720CB3 /* Main.storyboard */; };
		F5C66F011BC6777D00720CB3 /* Images.xcassets in Resources */ = {isa = PBXBuildFile; fileRef = F5C66F001BC6777D00720CB3 /* Images.xcassets */; };
		F5C66F041BC6777D00720CB3 /* LaunchScreen.xib in Resources */ = {isa = PBXBuildFile; fileRef = F5C66F021BC6777D00720CB3 /* LaunchScreen.xib */; };
		F5C66F101BC6777D00720CB3 /* fbLoginTestTests.swift in Sources */ = {isa = PBXBuildFile; fileRef = F5C66F0F1BC6777D00720CB3 /* fbLoginTestTests.swift */; };
		F5ED0AED1C10774300177494 /* Bolts.framework in Frameworks */ = {isa = PBXBuildFile; fileRef = F5ED0AE71C10774300177494 /* Bolts.framework */; };
		F5ED0AEE1C10774300177494 /* FBAudienceNetwork.framework in Frameworks */ = {isa = PBXBuildFile; fileRef = F5ED0AE81C10774300177494 /* FBAudienceNetwork.framework */; };
		F5ED0AEF1C10774300177494 /* FBSDKCoreKit.framework in Frameworks */ = {isa = PBXBuildFile; fileRef = F5ED0AE91C10774300177494 /* FBSDKCoreKit.framework */; };
		F5ED0AF01C10774300177494 /* FBSDKLoginKit.framework in Frameworks */ = {isa = PBXBuildFile; fileRef = F5ED0AEA1C10774300177494 /* FBSDKLoginKit.framework */; };
		F5ED0AF11C10774300177494 /* FBSDKMessengerShareKit.framework in Frameworks */ = {isa = PBXBuildFile; fileRef = F5ED0AEB1C10774300177494 /* FBSDKMessengerShareKit.framework */; };
		F5ED0AF21C10774300177494 /* FBSDKShareKit.framework in Frameworks */ = {isa = PBXBuildFile; fileRef = F5ED0AEC1C10774300177494 /* FBSDKShareKit.framework */; };
		F5ED0AF51C1077CF00177494 /* FacebookViewController.swift in Sources */ = {isa = PBXBuildFile; fileRef = F5ED0AF31C1077CF00177494 /* FacebookViewController.swift */; };
		F5ED0AF61C1077CF00177494 /* SettingsViewController.swift in Sources */ = {isa = PBXBuildFile; fileRef = F5ED0AF41C1077CF00177494 /* SettingsViewController.swift */; };
/* End PBXBuildFile section */

/* Begin PBXContainerItemProxy section */
		F5C66F0A1BC6777D00720CB3 /* PBXContainerItemProxy */ = {
			isa = PBXContainerItemProxy;
			containerPortal = F5C66EEC1BC6777D00720CB3 /* Project object */;
			proxyType = 1;
			remoteGlobalIDString = F5C66EF31BC6777D00720CB3;
			remoteInfo = fbLoginTest;
		};
/* End PBXContainerItemProxy section */

/* Begin PBXFileReference section */
		F521FDC91C197ABE004DF88E /* FacebookPush.swift */ = {isa = PBXFileReference; fileEncoding = 4; lastKnownFileType = sourcecode.swift; path = FacebookPush.swift; sourceTree = "<group>"; };
		F521FDCB1C197DD8004DF88E /* FBSDKShareKit.framework */ = {isa = PBXFileReference; lastKnownFileType = wrapper.framework; name = FBSDKShareKit.framework; path = "../../../Downloads/FacebookSDKs-iOS-20151111/FBSDKShareKit.framework"; sourceTree = "<group>"; };
		F55880081BD792560051791D /* Account.swift */ = {isa = PBXFileReference; fileEncoding = 4; lastKnownFileType = sourcecode.swift; path = Account.swift; sourceTree = "<group>"; };
		F5C66EF41BC6777D00720CB3 /* fbLoginTest.app */ = {isa = PBXFileReference; explicitFileType = wrapper.application; includeInIndex = 0; path = fbLoginTest.app; sourceTree = BUILT_PRODUCTS_DIR; };
		F5C66EF81BC6777D00720CB3 /* Info.plist */ = {isa = PBXFileReference; lastKnownFileType = text.plist.xml; path = Info.plist; sourceTree = "<group>"; };
		F5C66EF91BC6777D00720CB3 /* AppDelegate.swift */ = {isa = PBXFileReference; lastKnownFileType = sourcecode.swift; path = AppDelegate.swift; sourceTree = "<group>"; };
		F5C66EFB1BC6777D00720CB3 /* ViewController.swift */ = {isa = PBXFileReference; lastKnownFileType = sourcecode.swift; path = ViewController.swift; sourceTree = "<group>"; };
		F5C66EFE1BC6777D00720CB3 /* Base */ = {isa = PBXFileReference; lastKnownFileType = file.storyboard; name = Base; path = Base.lproj/Main.storyboard; sourceTree = "<group>"; };
		F5C66F001BC6777D00720CB3 /* Images.xcassets */ = {isa = PBXFileReference; lastKnownFileType = folder.assetcatalog; path = Images.xcassets; sourceTree = "<group>"; };
		F5C66F031BC6777D00720CB3 /* Base */ = {isa = PBXFileReference; lastKnownFileType = file.xib; name = Base; path = Base.lproj/LaunchScreen.xib; sourceTree = "<group>"; };
		F5C66F091BC6777D00720CB3 /* fbLoginTestTests.xctest */ = {isa = PBXFileReference; explicitFileType = wrapper.cfbundle; includeInIndex = 0; path = fbLoginTestTests.xctest; sourceTree = BUILT_PRODUCTS_DIR; };
		F5C66F0E1BC6777D00720CB3 /* Info.plist */ = {isa = PBXFileReference; lastKnownFileType = text.plist.xml; path = Info.plist; sourceTree = "<group>"; };
		F5C66F0F1BC6777D00720CB3 /* fbLoginTestTests.swift */ = {isa = PBXFileReference; lastKnownFileType = sourcecode.swift; path = fbLoginTestTests.swift; sourceTree = "<group>"; };
		F5ED0AE71C10774300177494 /* Bolts.framework */ = {isa = PBXFileReference; lastKnownFileType = wrapper.framework; path = Bolts.framework; sourceTree = "<group>"; };
		F5ED0AE81C10774300177494 /* FBAudienceNetwork.framework */ = {isa = PBXFileReference; lastKnownFileType = wrapper.framework; path = FBAudienceNetwork.framework; sourceTree = "<group>"; };
		F5ED0AE91C10774300177494 /* FBSDKCoreKit.framework */ = {isa = PBXFileReference; lastKnownFileType = wrapper.framework; path = FBSDKCoreKit.framework; sourceTree = "<group>"; };
		F5ED0AEA1C10774300177494 /* FBSDKLoginKit.framework */ = {isa = PBXFileReference; lastKnownFileType = wrapper.framework; path = FBSDKLoginKit.framework; sourceTree = "<group>"; };
		F5ED0AEB1C10774300177494 /* FBSDKMessengerShareKit.framework */ = {isa = PBXFileReference; lastKnownFileType = wrapper.framework; path = FBSDKMessengerShareKit.framework; sourceTree = "<group>"; };
		F5ED0AEC1C10774300177494 /* FBSDKShareKit.framework */ = {isa = PBXFileReference; lastKnownFileType = wrapper.framework; path = FBSDKShareKit.framework; sourceTree = "<group>"; };
		F5ED0AF31C1077CF00177494 /* FacebookViewController.swift */ = {isa = PBXFileReference; fileEncoding = 4; lastKnownFileType = sourcecode.swift; path = FacebookViewController.swift; sourceTree = "<group>"; };
		F5ED0AF41C1077CF00177494 /* SettingsViewController.swift */ = {isa = PBXFileReference; fileEncoding = 4; lastKnownFileType = sourcecode.swift; path = SettingsViewController.swift; sourceTree = "<group>"; };
/* End PBXFileReference section */

/* Begin PBXFrameworksBuildPhase section */
		F5C66EF11BC6777D00720CB3 /* Frameworks */ = {
			isa = PBXFrameworksBuildPhase;
			buildActionMask = 2147483647;
			files = (
				F5ED0AED1C10774300177494 /* Bolts.framework in Frameworks */,
				F5ED0AEF1C10774300177494 /* FBSDKCoreKit.framework in Frameworks */,
				F5ED0AF21C10774300177494 /* FBSDKShareKit.framework in Frameworks */,
				F521FDCC1C197DD8004DF88E /* FBSDKShareKit.framework in Frameworks */,
				F5ED0AF11C10774300177494 /* FBSDKMessengerShareKit.framework in Frameworks */,
				F5ED0AF01C10774300177494 /* FBSDKLoginKit.framework in Frameworks */,
				F5ED0AEE1C10774300177494 /* FBAudienceNetwork.framework in Frameworks */,
			);
			runOnlyForDeploymentPostprocessing = 0;
		};
		F5C66F061BC6777D00720CB3 /* Frameworks */ = {
			isa = PBXFrameworksBuildPhase;
			buildActionMask = 2147483647;
			files = (
			);
			runOnlyForDeploymentPostprocessing = 0;
		};
/* End PBXFrameworksBuildPhase section */

/* Begin PBXGroup section */
		F5C66EEB1BC6777D00720CB3 = {
			isa = PBXGroup;
			children = (
				F5C66EF61BC6777D00720CB3 /* fbLoginTest */,
				F5C66F0C1BC6777D00720CB3 /* fbLoginTestTests */,
				F5C66F191BC6794700720CB3 /* Frameworks */,
				F5C66EF51BC6777D00720CB3 /* Products */,
			);
			sourceTree = "<group>";
		};
		F5C66EF51BC6777D00720CB3 /* Products */ = {
			isa = PBXGroup;
			children = (
				F5C66EF41BC6777D00720CB3 /* fbLoginTest.app */,
				F5C66F091BC6777D00720CB3 /* fbLoginTestTests.xctest */,
			);
			name = Products;
			sourceTree = "<group>";
		};
		F5C66EF61BC6777D00720CB3 /* fbLoginTest */ = {
			isa = PBXGroup;
			children = (
				F5C66EF91BC6777D00720CB3 /* AppDelegate.swift */,
				F55880081BD792560051791D /* Account.swift */,
				F5ED0AF31C1077CF00177494 /* FacebookViewController.swift */,
				F5C66F001BC6777D00720CB3 /* Images.xcassets */,
				F5C66F021BC6777D00720CB3 /* LaunchScreen.xib */,
				F5C66EFD1BC6777D00720CB3 /* Main.storyboard */,
				F5ED0AF41C1077CF00177494 /* SettingsViewController.swift */,
				F5C66EF71BC6777D00720CB3 /* Supporting Files */,
				F5C66EFB1BC6777D00720CB3 /* ViewController.swift */,
				F521FDC91C197ABE004DF88E /* FacebookPush.swift */,
			);
			path = fbLoginTest;
			sourceTree = "<group>";
		};
		F5C66EF71BC6777D00720CB3 /* Supporting Files */ = {
			isa = PBXGroup;
			children = (
				F5C66EF81BC6777D00720CB3 /* Info.plist */,
			);
			name = "Supporting Files";
			sourceTree = "<group>";
		};
		F5C66F0C1BC6777D00720CB3 /* fbLoginTestTests */ = {
			isa = PBXGroup;
			children = (
				F5C66F0F1BC6777D00720CB3 /* fbLoginTestTests.swift */,
				F5C66F0D1BC6777D00720CB3 /* Supporting Files */,
			);
			path = fbLoginTestTests;
			sourceTree = "<group>";
		};
		F5C66F0D1BC6777D00720CB3 /* Supporting Files */ = {
			isa = PBXGroup;
			children = (
				F5C66F0E1BC6777D00720CB3 /* Info.plist */,
			);
			name = "Supporting Files";
			sourceTree = "<group>";
		};
		F5C66F191BC6794700720CB3 /* Frameworks */ = {
			isa = PBXGroup;
			children = (
				F521FDCB1C197DD8004DF88E /* FBSDKShareKit.framework */,
				F5ED0AE71C10774300177494 /* Bolts.framework */,
				F5ED0AE81C10774300177494 /* FBAudienceNetwork.framework */,
				F5ED0AE91C10774300177494 /* FBSDKCoreKit.framework */,
				F5ED0AEA1C10774300177494 /* FBSDKLoginKit.framework */,
				F5ED0AEB1C10774300177494 /* FBSDKMessengerShareKit.framework */,
				F5ED0AEC1C10774300177494 /* FBSDKShareKit.framework */,
			);
			name = Frameworks;
			sourceTree = "<group>";
		};
/* End PBXGroup section */

/* Begin PBXNativeTarget section */
		F5C66EF31BC6777D00720CB3 /* fbLoginTest */ = {
			isa = PBXNativeTarget;
			buildConfigurationList = F5C66F131BC6777D00720CB3 /* Build configuration list for PBXNativeTarget "fbLoginTest" */;
			buildPhases = (
				F5C66EF01BC6777D00720CB3 /* Sources */,
				F5C66EF11BC6777D00720CB3 /* Frameworks */,
				F5C66EF21BC6777D00720CB3 /* Resources */,
			);
			buildRules = (
			);
			dependencies = (
			);
			name = fbLoginTest;
			productName = fbLoginTest;
			productReference = F5C66EF41BC6777D00720CB3 /* fbLoginTest.app */;
			productType = "com.apple.product-type.application";
		};
		F5C66F081BC6777D00720CB3 /* fbLoginTestTests */ = {
			isa = PBXNativeTarget;
			buildConfigurationList = F5C66F161BC6777D00720CB3 /* Build configuration list for PBXNativeTarget "fbLoginTestTests" */;
			buildPhases = (
				F5C66F051BC6777D00720CB3 /* Sources */,
				F5C66F061BC6777D00720CB3 /* Frameworks */,
				F5C66F071BC6777D00720CB3 /* Resources */,
			);
			buildRules = (
			);
			dependencies = (
				F5C66F0B1BC6777D00720CB3 /* PBXTargetDependency */,
			);
			name = fbLoginTestTests;
			productName = fbLoginTestTests;
			productReference = F5C66F091BC6777D00720CB3 /* fbLoginTestTests.xctest */;
			productType = "com.apple.product-type.bundle.unit-test";
		};
/* End PBXNativeTarget section */

/* Begin PBXProject section */
		F5C66EEC1BC6777D00720CB3 /* Project object */ = {
			isa = PBXProject;
			attributes = {
				LastSwiftMigration = 0700;
				LastSwiftUpdateCheck = 0710;
				LastUpgradeCheck = 0700;
				ORGANIZATIONNAME = Robin;
				TargetAttributes = {
					F5C66EF31BC6777D00720CB3 = {
						CreatedOnToolsVersion = 6.4;
						DevelopmentTeam = RA8W89HU4Z;
					};
					F5C66F081BC6777D00720CB3 = {
						CreatedOnToolsVersion = 6.4;
						TestTargetID = F5C66EF31BC6777D00720CB3;
					};
				};
			};
			buildConfigurationList = F5C66EEF1BC6777D00720CB3 /* Build configuration list for PBXProject "fbLoginTest" */;
			compatibilityVersion = "Xcode 3.2";
			developmentRegion = English;
			hasScannedForEncodings = 0;
			knownRegions = (
				en,
				Base,
			);
			mainGroup = F5C66EEB1BC6777D00720CB3;
			productRefGroup = F5C66EF51BC6777D00720CB3 /* Products */;
			projectDirPath = "";
			projectRoot = "";
			targets = (
				F5C66EF31BC6777D00720CB3 /* fbLoginTest */,
				F5C66F081BC6777D00720CB3 /* fbLoginTestTests */,
			);
		};
/* End PBXProject section */

/* Begin PBXResourcesBuildPhase section */
		F5C66EF21BC6777D00720CB3 /* Resources */ = {
			isa = PBXResourcesBuildPhase;
			buildActionMask = 2147483647;
			files = (
				F5C66EFF1BC6777D00720CB3 /* Main.storyboard in Resources */,
				F5C66F041BC6777D00720CB3 /* LaunchScreen.xib in Resources */,
				F5C66F011BC6777D00720CB3 /* Images.xcassets in Resources */,
			);
			runOnlyForDeploymentPostprocessing = 0;
		};
		F5C66F071BC6777D00720CB3 /* Resources */ = {
			isa = PBXResourcesBuildPhase;
			buildActionMask = 2147483647;
			files = (
			);
			runOnlyForDeploymentPostprocessing = 0;
		};
/* End PBXResourcesBuildPhase section */

/* Begin PBXSourcesBuildPhase section */
		F5C66EF01BC6777D00720CB3 /* Sources */ = {
			isa = PBXSourcesBuildPhase;
			buildActionMask = 2147483647;
			files = (
				F5C66EFC1BC6777D00720CB3 /* ViewController.swift in Sources */,
				F5ED0AF61C1077CF00177494 /* SettingsViewController.swift in Sources */,
				F5ED0AF51C1077CF00177494 /* FacebookViewController.swift in Sources */,
				F5C66EFA1BC6777D00720CB3 /* AppDelegate.swift in Sources */,
				F55880091BD792560051791D /* Account.swift in Sources */,
				F521FDCA1C197ABE004DF88E /* FacebookPush.swift in Sources */,
			);
			runOnlyForDeploymentPostprocessing = 0;
		};
		F5C66F051BC6777D00720CB3 /* Sources */ = {
			isa = PBXSourcesBuildPhase;
			buildActionMask = 2147483647;
			files = (
				F5C66F101BC6777D00720CB3 /* fbLoginTestTests.swift in Sources */,
			);
			runOnlyForDeploymentPostprocessing = 0;
		};
/* End PBXSourcesBuildPhase section */

/* Begin PBXTargetDependency section */
		F5C66F0B1BC6777D00720CB3 /* PBXTargetDependency */ = {
			isa = PBXTargetDependency;
			target = F5C66EF31BC6777D00720CB3 /* fbLoginTest */;
			targetProxy = F5C66F0A1BC6777D00720CB3 /* PBXContainerItemProxy */;
		};
/* End PBXTargetDependency section */

/* Begin PBXVariantGroup section */
		F5C66EFD1BC6777D00720CB3 /* Main.storyboard */ = {
			isa = PBXVariantGroup;
			children = (
				F5C66EFE1BC6777D00720CB3 /* Base */,
			);
			name = Main.storyboard;
			sourceTree = "<group>";
		};
		F5C66F021BC6777D00720CB3 /* LaunchScreen.xib */ = {
			isa = PBXVariantGroup;
			children = (
				F5C66F031BC6777D00720CB3 /* Base */,
			);
			name = LaunchScreen.xib;
			sourceTree = "<group>";
		};
/* End PBXVariantGroup section */

/* Begin XCBuildConfiguration section */
		F5C66F111BC6777D00720CB3 /* Debug */ = {
			isa = XCBuildConfiguration;
			buildSettings = {
				ALWAYS_SEARCH_USER_PATHS = NO;
				CLANG_CXX_LANGUAGE_STANDARD = "gnu++0x";
				CLANG_CXX_LIBRARY = "libc++";
				CLANG_ENABLE_MODULES = YES;
				CLANG_ENABLE_OBJC_ARC = YES;
				CLANG_WARN_BOOL_CONVERSION = YES;
				CLANG_WARN_CONSTANT_CONVERSION = YES;
				CLANG_WARN_DIRECT_OBJC_ISA_USAGE = YES_ERROR;
				CLANG_WARN_EMPTY_BODY = YES;
				CLANG_WARN_ENUM_CONVERSION = YES;
				CLANG_WARN_INT_CONVERSION = YES;
				CLANG_WARN_OBJC_ROOT_CLASS = YES_ERROR;
				CLANG_WARN_UNREACHABLE_CODE = YES;
				CLANG_WARN__DUPLICATE_METHOD_MATCH = YES;
				"CODE_SIGN_IDENTITY[sdk=iphoneos*]" = "iPhone Developer";
				COPY_PHASE_STRIP = NO;
				DEBUG_INFORMATION_FORMAT = "dwarf-with-dsym";
				ENABLE_STRICT_OBJC_MSGSEND = YES;
				ENABLE_TESTABILITY = YES;
				GCC_C_LANGUAGE_STANDARD = gnu99;
				GCC_DYNAMIC_NO_PIC = NO;
				GCC_NO_COMMON_BLOCKS = YES;
				GCC_OPTIMIZATION_LEVEL = 0;
				GCC_PREPROCESSOR_DEFINITIONS = (
					"DEBUG=1",
					"$(inherited)",
				);
				GCC_SYMBOLS_PRIVATE_EXTERN = NO;
				GCC_WARN_64_TO_32_BIT_CONVERSION = YES;
				GCC_WARN_ABOUT_RETURN_TYPE = YES_ERROR;
				GCC_WARN_UNDECLARED_SELECTOR = YES;
				GCC_WARN_UNINITIALIZED_AUTOS = YES_AGGRESSIVE;
				GCC_WARN_UNUSED_FUNCTION = YES;
				GCC_WARN_UNUSED_VARIABLE = YES;
				IPHONEOS_DEPLOYMENT_TARGET = 8.4;
				MTL_ENABLE_DEBUG_INFO = YES;
				ONLY_ACTIVE_ARCH = YES;
				SDKROOT = iphoneos;
				SWIFT_OPTIMIZATION_LEVEL = "-Onone";
			};
			name = Debug;
		};
		F5C66F121BC6777D00720CB3 /* Release */ = {
			isa = XCBuildConfiguration;
			buildSettings = {
				ALWAYS_SEARCH_USER_PATHS = NO;
				CLANG_CXX_LANGUAGE_STANDARD = "gnu++0x";
				CLANG_CXX_LIBRARY = "libc++";
				CLANG_ENABLE_MODULES = YES;
				CLANG_ENABLE_OBJC_ARC = YES;
				CLANG_WARN_BOOL_CONVERSION = YES;
				CLANG_WARN_CONSTANT_CONVERSION = YES;
				CLANG_WARN_DIRECT_OBJC_ISA_USAGE = YES_ERROR;
				CLANG_WARN_EMPTY_BODY = YES;
				CLANG_WARN_ENUM_CONVERSION = YES;
				CLANG_WARN_INT_CONVERSION = YES;
				CLANG_WARN_OBJC_ROOT_CLASS = YES_ERROR;
				CLANG_WARN_UNREACHABLE_CODE = YES;
				CLANG_WARN__DUPLICATE_METHOD_MATCH = YES;
				"CODE_SIGN_IDENTITY[sdk=iphoneos*]" = "iPhone Developer";
				COPY_PHASE_STRIP = NO;
				DEBUG_INFORMATION_FORMAT = "dwarf-with-dsym";
				ENABLE_NS_ASSERTIONS = NO;
				ENABLE_STRICT_OBJC_MSGSEND = YES;
				GCC_C_LANGUAGE_STANDARD = gnu99;
				GCC_NO_COMMON_BLOCKS = YES;
				GCC_WARN_64_TO_32_BIT_CONVERSION = YES;
				GCC_WARN_ABOUT_RETURN_TYPE = YES_ERROR;
				GCC_WARN_UNDECLARED_SELECTOR = YES;
				GCC_WARN_UNINITIALIZED_AUTOS = YES_AGGRESSIVE;
				GCC_WARN_UNUSED_FUNCTION = YES;
				GCC_WARN_UNUSED_VARIABLE = YES;
				IPHONEOS_DEPLOYMENT_TARGET = 8.4;
				MTL_ENABLE_DEBUG_INFO = NO;
				SDKROOT = iphoneos;
				VALIDATE_PRODUCT = YES;
			};
			name = Release;
		};
		F5C66F141BC6777D00720CB3 /* Debug */ = {
			isa = XCBuildConfiguration;
			buildSettings = {
				ASSETCATALOG_COMPILER_APPICON_NAME = AppIcon;
				CLANG_ENABLE_MODULES = YES;
				CODE_SIGN_IDENTITY = "iPhone Developer";
				"CODE_SIGN_IDENTITY[sdk=iphoneos*]" = "iPhone Developer";
				FRAMEWORK_SEARCH_PATHS = (
					"$(inherited)",
					/Users/fhict/Documents/FacebookSDK,
					"/Users/fhict/Downloads/FacebookSDKs-iOS-20151007",
					"$(PROJECT_DIR)/fbLoginTest",
					"$(PROJECT_DIR)",
				);
				INFOPLIST_FILE = fbLoginTest/Info.plist;
				LD_RUNPATH_SEARCH_PATHS = "$(inherited) @executable_path/Frameworks";
				PRODUCT_BUNDLE_IDENTIFIER = Schouten.fbLoginTest;
				PRODUCT_NAME = "$(TARGET_NAME)";
				PROVISIONING_PROFILE = "";
				SWIFT_OBJC_BRIDGING_HEADER = "fbLoginTest/fbLoginTest-Bridging-Header.h";
				SWIFT_OPTIMIZATION_LEVEL = "-Onone";
			};
			name = Debug;
		};
		F5C66F151BC6777D00720CB3 /* Release */ = {
			isa = XCBuildConfiguration;
			buildSettings = {
				ASSETCATALOG_COMPILER_APPICON_NAME = AppIcon;
				CLANG_ENABLE_MODULES = YES;
				CODE_SIGN_IDENTITY = "iPhone Developer";
				"CODE_SIGN_IDENTITY[sdk=iphoneos*]" = "iPhone Developer";
				FRAMEWORK_SEARCH_PATHS = (
					"$(inherited)",
					/Users/fhict/Documents/FacebookSDK,
					"/Users/fhict/Downloads/FacebookSDKs-iOS-20151007",
					"$(PROJECT_DIR)/fbLoginTest",
					"$(PROJECT_DIR)",
				);
				INFOPLIST_FILE = fbLoginTest/Info.plist;
				LD_RUNPATH_SEARCH_PATHS = "$(inherited) @executable_path/Frameworks";
				PRODUCT_BUNDLE_IDENTIFIER = Schouten.fbLoginTest;
				PRODUCT_NAME = "$(TARGET_NAME)";
				PROVISIONING_PROFILE = "";
				SWIFT_OBJC_BRIDGING_HEADER = "fbLoginTest/fbLoginTest-Bridging-Header.h";
			};
			name = Release;
		};
		F5C66F171BC6777D00720CB3 /* Debug */ = {
			isa = XCBuildConfiguration;
			buildSettings = {
				BUNDLE_LOADER = "$(TEST_HOST)";
				FRAMEWORK_SEARCH_PATHS = (
					"$(SDKROOT)/Developer/Library/Frameworks",
					"$(inherited)",
				);
				GCC_PREPROCESSOR_DEFINITIONS = (
					"DEBUG=1",
					"$(inherited)",
				);
				INFOPLIST_FILE = fbLoginTestTests/Info.plist;
				LD_RUNPATH_SEARCH_PATHS = "$(inherited) @executable_path/Frameworks @loader_path/Frameworks";
				PRODUCT_BUNDLE_IDENTIFIER = "Dijk.$(PRODUCT_NAME:rfc1034identifier)";
				PRODUCT_NAME = "$(TARGET_NAME)";
				TEST_HOST = "$(BUILT_PRODUCTS_DIR)/fbLoginTest.app/fbLoginTest";
			};
			name = Debug;
		};
		F5C66F181BC6777D00720CB3 /* Release */ = {
			isa = XCBuildConfiguration;
			buildSettings = {
				BUNDLE_LOADER = "$(TEST_HOST)";
				FRAMEWORK_SEARCH_PATHS = (
					"$(SDKROOT)/Developer/Library/Frameworks",
					"$(inherited)",
				);
				INFOPLIST_FILE = fbLoginTestTests/Info.plist;
				LD_RUNPATH_SEARCH_PATHS = "$(inherited) @executable_path/Frameworks @loader_path/Frameworks";
				PRODUCT_BUNDLE_IDENTIFIER = "Dijk.$(PRODUCT_NAME:rfc1034identifier)";
				PRODUCT_NAME = "$(TARGET_NAME)";
				TEST_HOST = "$(BUILT_PRODUCTS_DIR)/fbLoginTest.app/fbLoginTest";
			};
			name = Release;
		};
/* End XCBuildConfiguration section */

/* Begin XCConfigurationList section */
		F5C66EEF1BC6777D00720CB3 /* Build configuration list for PBXProject "fbLoginTest" */ = {
			isa = XCConfigurationList;
			buildConfigurations = (
				F5C66F111BC6777D00720CB3 /* Debug */,
				F5C66F121BC6777D00720CB3 /* Release */,
			);
			defaultConfigurationIsVisible = 0;
			defaultConfigurationName = Release;
		};
		F5C66F131BC6777D00720CB3 /* Build configuration list for PBXNativeTarget "fbLoginTest" */ = {
			isa = XCConfigurationList;
			buildConfigurations = (
				F5C66F141BC6777D00720CB3 /* Debug */,
				F5C66F151BC6777D00720CB3 /* Release */,
			);
			defaultConfigurationIsVisible = 0;
			defaultConfigurationName = Release;
		};
		F5C66F161BC6777D00720CB3 /* Build configuration list for PBXNativeTarget "fbLoginTestTests" */ = {
			isa = XCConfigurationList;
			buildConfigurations = (
				F5C66F171BC6777D00720CB3 /* Debug */,
				F5C66F181BC6777D00720CB3 /* Release */,
			);
			defaultConfigurationIsVisible = 0;
			defaultConfigurationName = Release;
		};
/* End XCConfigurationList section */
	};
	rootObject = F5C66EEC1BC6777D00720CB3 /* Project object */;
}
